name: Deploy Solar System Clock

on:
  push:
    branches: ["main"]
    paths: ["solar-system-clock/**"]

jobs:
  trigger:
    runs-on: ubuntu-latest
    steps:
      - name: Trigger Another Repository Action
        uses: peter-evans/repository-dispatch@v3
        with:
          repository: RubenSandwich/rubennic.com
          event-type: dispatch-event
          token: ${{ secrets.GITHUB_TOKEN }}
